// !$*UTF8*$!
{
	archiveVersion = 1;
	classes = {
	};
	objectVersion = 46;
	objects = {

/* Begin PBXBuildFile section */
		685E08B91CA3CDFE0099C3DC /* main.m in Sources */ = {isa = PBXBuildFile; fileRef = 685E08B81CA3CDFE0099C3DC /* main.m */; };
		685E08BC1CA3CDFE0099C3DC /* AppDelegate.m in Sources */ = {isa = PBXBuildFile; fileRef = 685E08BB1CA3CDFE0099C3DC /* AppDelegate.m */; };
		685E08BF1CA3CDFE0099C3DC /* ViewController.m in Sources */ = {isa = PBXBuildFile; fileRef = 685E08BE1CA3CDFE0099C3DC /* ViewController.m */; };
		685E08C21CA3CDFE0099C3DC /* Main.storyboard in Resources */ = {isa = PBXBuildFile; fileRef = 685E08C01CA3CDFE0099C3DC /* Main.storyboard */; };
		685E08C41CA3CDFE0099C3DC /* Assets.xcassets in Resources */ = {isa = PBXBuildFile; fileRef = 685E08C31CA3CDFE0099C3DC /* Assets.xcassets */; };
		685E08C71CA3CDFE0099C3DC /* LaunchScreen.storyboard in Resources */ = {isa = PBXBuildFile; fileRef = 685E08C51CA3CDFE0099C3DC /* LaunchScreen.storyboard */; };
		685E08D11CA3CE640099C3DC /* CountdownLabel.m in Sources */ = {isa = PBXBuildFile; fileRef = 685E08D01CA3CE640099C3DC /* CountdownLabel.m */; };
/* End PBXBuildFile section */

/* Begin PBXFileReference section */
		685E08B41CA3CDFD0099C3DC /* CountdownDemo.app */ = {isa = PBXFileReference; explicitFileType = wrapper.application; includeInIndex = 0; path = CountdownDemo.app; sourceTree = BUILT_PRODUCTS_DIR; };
		685E08B81CA3CDFE0099C3DC /* main.m */ = {isa = PBXFileReference; lastKnownFileType = sourcecode.c.objc; path = main.m; sourceTree = "<group>"; };
		685E08BA1CA3CDFE0099C3DC /* AppDelegate.h */ = {isa = PBXFileReference; lastKnownFileType = sourcecode.c.h; path = AppDelegate.h; sourceTree = "<group>"; };
		685E08BB1CA3CDFE0099C3DC /* AppDelegate.m */ = {isa = PBXFileReference; lastKnownFileType = sourcecode.c.objc; path = AppDelegate.m; sourceTree = "<group>"; };
		685E08BD1CA3CDFE0099C3DC /* ViewController.h */ = {isa = PBXFileReference; lastKnownFileType = sourcecode.c.h; path = ViewController.h; sourceTree = "<group>"; };
		685E08BE1CA3CDFE0099C3DC /* ViewController.m */ = {isa = PBXFileReference; lastKnownFileType = sourcecode.c.objc; path = ViewController.m; sourceTree = "<group>"; };
		685E08C11CA3CDFE0099C3DC /* Base */ = {isa = PBXFileReference; lastKnownFileType = file.storyboard; name = Base; path = Base.lproj/Main.storyboard; sourceTree = "<group>"; };
		685E08C31CA3CDFE0099C3DC /* Assets.xcassets */ = {isa = PBXFileReference; lastKnownFileType = folder.assetcatalog; path = Assets.xcassets; sourceTree = "<group>"; };
		685E08C61CA3CDFE0099C3DC /* Base */ = {isa = PBXFileReference; lastKnownFileType = file.storyboard; name = Base; path = Base.lproj/LaunchScreen.storyboard; sourceTree = "<group>"; };
		685E08C81CA3CDFE0099C3DC /* Info.plist */ = {isa = PBXFileReference; lastKnownFileType = text.plist.xml; path = Info.plist; sourceTree = "<group>"; };
		685E08CF1CA3CE640099C3DC /* CountdownLabel.h */ = {isa = PBXFileReference; fileEncoding = 4; lastKnownFileType = sourcecode.c.h; path = CountdownLabel.h; sourceTree = "<group>"; };
		685E08D01CA3CE640099C3DC /* CountdownLabel.m */ = {isa = PBXFileReference; fileEncoding = 4; lastKnownFileType = sourcecode.c.objc; path = CountdownLabel.m; sourceTree = "<group>"; };
/* End PBXFileReference section */

/* Begin PBXFrameworksBuildPhase section */
		685E08B11CA3CDFD0099C3DC /* Frameworks */ = {
			isa = PBXFrameworksBuildPhase;
			buildActionMask = 2147483647;
			files = (
			);
			runOnlyForDeploymentPostprocessing = 0;
		};
/* End PBXFrameworksBuildPhase section */

/* Begin PBXGroup section */
		685E08AB1CA3CDFD0099C3DC = {
			isa = PBXGroup;
			children = (
				685E08B61CA3CDFE0099C3DC /* CountdownDemo */,
				685E08B51CA3CDFD0099C3DC /* Products */,
			);
			sourceTree = "<group>";
		};
		685E08B51CA3CDFD0099C3DC /* Products */ = {
			isa = PBXGroup;
			children = (
				685E08B41CA3CDFD0099C3DC /* CountdownDemo.app */,
			);
			name = Products;
			sourceTree = "<group>";
		};
		685E08B61CA3CDFE0099C3DC /* CountdownDemo */ = {
			isa = PBXGroup;
			children = (
				685E08CE1CA3CE410099C3DC /* CountdownLabel */,
				685E08BA1CA3CDFE0099C3DC /* AppDelegate.h */,
				685E08BB1CA3CDFE0099C3DC /* AppDelegate.m */,
				685E08BD1CA3CDFE0099C3DC /* ViewController.h */,
				685E08BE1CA3CDFE0099C3DC /* ViewController.m */,
				685E08C01CA3CDFE0099C3DC /* Main.storyboard */,
				685E08C31CA3CDFE0099C3DC /* Assets.xcassets */,
				685E08C51CA3CDFE0099C3DC /* LaunchScreen.storyboard */,
				685E08C81CA3CDFE0099C3DC /* Info.plist */,
				685E08B71CA3CDFE0099C3DC /* Supporting Files */,
			);
			path = CountdownDemo;
			sourceTree = "<group>";
		};
		685E08B71CA3CDFE0099C3DC /* Supporting Files */ = {
			isa = PBXGroup;
			children = (
				685E08B81CA3CDFE0099C3DC /* main.m */,
			);
			name = "Supporting Files";
			sourceTree = "<group>";
		};
		685E08CE1CA3CE410099C3DC /* CountdownLabel */ = {
			isa = PBXGroup;
			children = (
				685E08CF1CA3CE640099C3DC /* CountdownLabel.h */,
				685E08D01CA3CE640099C3DC /* CountdownLabel.m */,
			);
			path = CountdownLabel;
			sourceTree = "<group>";
		};
/* End PBXGroup section */

/* Begin PBXNativeTarget section */
		685E08B31CA3CDFD0099C3DC /* CountdownDemo */ = {
			isa = PBXNativeTarget;
			buildConfigurationList = 685E08CB1CA3CDFE0099C3DC /* Build configuration list for PBXNativeTarget "CountdownDemo" */;
			buildPhases = (
				685E08B01CA3CDFD0099C3DC /* Sources */,
				685E08B11CA3CDFD0099C3DC /* Frameworks */,
				685E08B21CA3CDFD0099C3DC /* Resources */,
			);
			buildRules = (
			);
			dependencies = (
			);
			name = CountdownDemo;
			productName = CountdownDemo;
			productReference = 685E08B41CA3CDFD0099C3DC /* CountdownDemo.app */;
			productType = "com.apple.product-type.application";
		};
/* End PBXNativeTarget section */

/* Begin PBXProject section */
		685E08AC1CA3CDFD0099C3DC /* Project object */ = {
			isa = PBXProject;
			attributes = {
				LastUpgradeCheck = 0730;
				ORGANIZATIONNAME = AndLiSoft;
				TargetAttributes = {
					685E08B31CA3CDFD0099C3DC = {
						CreatedOnToolsVersion = 7.3;
					};
				};
			};
			buildConfigurationList = 685E08AF1CA3CDFD0099C3DC /* Build configuration list for PBXProject "CountdownDemo" */;
			compatibilityVersion = "Xcode 3.2";
			developmentRegion = English;
			hasScannedForEncodings = 0;
			knownRegions = (
				en,
				Base,
			);
			mainGroup = 685E08AB1CA3CDFD0099C3DC;
			productRefGroup = 685E08B51CA3CDFD0099C3DC /* Products */;
			projectDirPath = "";
			projectRoot = "";
			targets = (
				685E08B31CA3CDFD0099C3DC /* CountdownDemo */,
			);
		};
/* End PBXProject section */

/* Begin PBXResourcesBuildPhase section */
		685E08B21CA3CDFD0099C3DC /* Resources */ = {
			isa = PBXResourcesBuildPhase;
			buildActionMask = 2147483647;
			files = (
				685E08C71CA3CDFE0099C3DC /* LaunchScreen.storyboard in Resources */,
				685E08C41CA3CDFE0099C3DC /* Assets.xcassets in Resources */,
				685E08C21CA3CDFE0099C3DC /* Main.storyboard in Resources */,
			);
			runOnlyForDeploymentPostprocessing = 0;
		};
/* End PBXResourcesBuildPhase section */

/* Begin PBXSourcesBuildPhase section */
		685E08B01CA3CDFD0099C3DC /* Sources */ = {
			isa = PBXSourcesBuildPhase;
			buildActionMask = 2147483647;
			files = (
				685E08D11CA3CE640099C3DC /* CountdownLabel.m in Sources */,
				685E08BF1CA3CDFE0099C3DC /* ViewController.m in Sources */,
				685E08BC1CA3CDFE0099C3DC /* AppDelegate.m in Sources */,
				685E08B91CA3CDFE0099C3DC /* main.m in Sources */,
			);
			runOnlyForDeploymentPostprocessing = 0;
		};
/* End PBXSourcesBuildPhase section */

/* Begin PBXVariantGroup section */
		685E08C01CA3CDFE0099C3DC /* Main.storyboard */ = {
			isa = PBXVariantGroup;
			children = (
				685E08C11CA3CDFE0099C3DC /* Base */,
			);
			name = Main.storyboard;
			sourceTree = "<group>";
		};
		685E08C51CA3CDFE0099C3DC /* LaunchScreen.storyboard */ = {
			isa = PBXVariantGroup;
			children = (
				685E08C61CA3CDFE0099C3DC /* Base */,
			);
			name = LaunchScreen.storyboard;
			sourceTree = "<group>";
		};
/* End PBXVariantGroup section */

/* Begin XCBuildConfiguration section */
		685E08C91CA3CDFE0099C3DC /* Debug */ = {
			isa = XCBuildConfiguration;
			buildSettings = {
				ALWAYS_SEARCH_USER_PATHS = NO;
				CLANG_ANALYZER_NONNULL = YES;
				CLANG_CXX_LANGUAGE_STANDARD = "gnu++0x";
				CLANG_CXX_LIBRARY = "libc++";
				CLANG_ENABLE_MODULES = YES;
				CLANG_ENABLE_OBJC_ARC = YES;
				CLANG_WARN_BOOL_CONVERSION = YES;
				CLANG_WARN_CONSTANT_CONVERSION = YES;
				CLANG_WARN_DIRECT_OBJC_ISA_USAGE = YES_ERROR;
				CLANG_WARN_EMPTY_BODY = YES;
				CLANG_WARN_ENUM_CONVERSION = YES;
				CLANG_WARN_INT_CONVERSION = YES;
				CLANG_WARN_OBJC_ROOT_CLASS = YES_ERROR;
				CLANG_WARN_UNREACHABLE_CODE = YES;
				CLANG_WARN__DUPLICATE_METHOD_MATCH = YES;
				"CODE_SIGN_IDENTITY[sdk=iphoneos*]" = "iPhone Developer";
				COPY_PHASE_STRIP = NO;
				DEBUG_INFORMATION_FORMAT = dwarf;
				ENABLE_STRICT_OBJC_MSGSEND = YES;
				ENABLE_TESTABILITY = YES;
				GCC_C_LANGUAGE_STANDARD = gnu99;
				GCC_DYNAMIC_NO_PIC = NO;
				GCC_NO_COMMON_BLOCKS = YES;
				GCC_OPTIMIZATION_LEVEL = 0;
				GCC_PREPROCESSOR_DEFINITIONS = (
					"DEBUG=1",
					"$(inherited)",
				);
				GCC_WARN_64_TO_32_BIT_CONVERSION = YES;
				GCC_WARN_ABOUT_RETURN_TYPE = YES_ERROR;
				GCC_WARN_UNDECLARED_SELECTOR = YES;
				GCC_WARN_UNINITIALIZED_AUTOS = YES_AGGRESSIVE;
				GCC_WARN_UNUSED_FUNCTION = YES;
				GCC_WARN_UNUSED_VARIABLE = YES;
				IPHONEOS_DEPLOYMENT_TARGET = 9.3;
				MTL_ENABLE_DEBUG_INFO = YES;
				ONLY_ACTIVE_ARCH = YES;
				SDKROOT = iphoneos;
			};
			name = Debug;
		};
		685E08CA1CA3CDFE0099C3DC /* Release */ = {
			isa = XCBuildConfiguration;
			buildSettings = {
				ALWAYS_SEARCH_USER_PATHS = NO;
				CLANG_ANALYZER_NONNULL = YES;
				CLANG_CXX_LANGUAGE_STANDARD = "gnu++0x";
				CLANG_CXX_LIBRARY = "libc++";
				CLANG_ENABLE_MODULES = YES;
				CLANG_ENABLE_OBJC_ARC = YES;
				CLANG_WARN_BOOL_CONVERSION = YES;
				CLANG_WARN_CONSTANT_CONVERSION = YES;
				CLANG_WARN_DIRECT_OBJC_ISA_USAGE = YES_ERROR;
				CLANG_WARN_EMPTY_BODY = YES;
				CLANG_WARN_ENUM_CONVERSION = YES;
				CLANG_WARN_INT_CONVERSION = YES;
				CLANG_WARN_OBJC_ROOT_CLASS = YES_ERROR;
				CLANG_WARN_UNREACHABLE_CODE = YES;
				CLANG_WARN__DUPLICATE_METHOD_MATCH = YES;
				"CODE_SIGN_IDENTITY[sdk=iphoneos*]" = "iPhone Developer";
				COPY_PHASE_STRIP = NO;
				DEBUG_INFORMATION_FORMAT = "dwarf-with-dsym";
				ENABLE_NS_ASSERTIONS = NO;
				ENABLE_STRICT_OBJC_MSGSEND = YES;
				GCC_C_LANGUAGE_STANDARD = gnu99;
				GCC_NO_COMMON_BLOCKS = YES;
				GCC_WARN_64_TO_32_BIT_CONVERSION = YES;
				GCC_WARN_ABOUT_RETURN_TYPE = YES_ERROR;
				GCC_WARN_UNDECLARED_SELECTOR = YES;
				GCC_WARN_UNINITIALIZED_AUTOS = YES_AGGRESSIVE;
				GCC_WARN_UNUSED_FUNCTION = YES;
				GCC_WARN_UNUSED_VARIABLE = YES;
				IPHONEOS_DEPLOYMENT_TARGET = 9.3;
				MTL_ENABLE_DEBUG_INFO = NO;
				SDKROOT = iphoneos;
				VALIDATE_PRODUCT = YES;
			};
			name = Release;
		};
		685E08CC1CA3CDFE0099C3DC /* Debug */ = {
			isa = XCBuildConfiguration;
			buildSettings = {
				ASSETCATALOG_COMPILER_APPICON_NAME = AppIcon;
				INFOPLIST_FILE = CountdownDemo/Info.plist;
				LD_RUNPATH_SEARCH_PATHS = "$(inherited) @executable_path/Frameworks";
				PRODUCT_BUNDLE_IDENTIFIER = com.andlisoft.CountdownDemo;
				PRODUCT_NAME = "$(TARGET_NAME)";
			};
			name = Debug;
		};
		685E08CD1CA3CDFE0099C3DC /* Release */ = {
			isa = XCBuildConfiguration;
			buildSettings = {
				ASSETCATALOG_COMPILER_APPICON_NAME = AppIcon;
				INFOPLIST_FILE = CountdownDemo/Info.plist;
				LD_RUNPATH_SEARCH_PATHS = "$(inherited) @executable_path/Frameworks";
				PRODUCT_BUNDLE_IDENTIFIER = com.andlisoft.CountdownDemo;
				PRODUCT_NAME = "$(TARGET_NAME)";
			};
			name = Release;
		};
/* End XCBuildConfiguration section */

/* Begin XCConfigurationList section */
		685E08AF1CA3CDFD0099C3DC /* Build configuration list for PBXProject "CountdownDemo" */ = {
			isa = XCConfigurationList;
			buildConfigurations = (
				685E08C91CA3CDFE0099C3DC /* Debug */,
				685E08CA1CA3CDFE0099C3DC /* Release */,
			);
			defaultConfigurationIsVisible = 0;
			defaultConfigurationName = Release;
		};
		685E08CB1CA3CDFE0099C3DC /* Build configuration list for PBXNativeTarget "CountdownDemo" */ = {
			isa = XCConfigurationList;
			buildConfigurations = (
				685E08CC1CA3CDFE0099C3DC /* Debug */,
				685E08CD1CA3CDFE0099C3DC /* Release */,
			);
			defaultConfigurationIsVisible = 0;
		};
/* End XCConfigurationList section */
	};
	rootObject = 685E08AC1CA3CDFD0099C3DC /* Project object */;
}
